{
  "name": "hono-todobackend",
  "lockfileVersion": 3,
  "requires": true,
  "packages": {
    "": {
      "name": "hono-todobackend",
      "dependencies": {
        "@arcjet/bun": "^1.0.0-beta.6",
        "@prisma/client": "^6.7.0",
        "amqplib": "^0.10.7",
        "hono": "^4.6.15",
        "nodemailer": "^6.10.1",
        "zod": "^3.24.1"
      },
      "devDependencies": {
        "@types/amqplib": "^0.10.7",
        "@types/bun": "latest",
        "@types/node": "^22.10.2",
        "@types/nodemailer": "^6.4.17",
        "prisma": "^6.7.0",
        "tsx": "^4.19.2",
        "typescript": "^5.7.2"
      }
    },
    "node_modules/@arcjet/analyze": {
      "version": "1.0.0-beta.6",
      "resolved": "https://registry.npmjs.org/@arcjet/analyze/-/analyze-1.0.0-beta.6.tgz",
      "integrity": "sha512-oWvxdNdrR4qMNsrr4y9TdYsuXlx/M8sdN6iENqBwFjUBCfksYrQAzHUr6maDr1ey/g38DXdxXNhGL3PWs0XFJA==",
      "license": "Apache-2.0",
      "dependencies": {
        "@arcjet/analyze-wasm": "1.0.0-beta.6",
        "@arcjet/protocol": "1.0.0-beta.6"
      },
      "engines": {
        "node": ">=18"
      }
    },
    "node_modules/@arcjet/analyze-wasm": {
      "version": "1.0.0-beta.6",
      "resolved": "https://registry.npmjs.org/@arcjet/analyze-wasm/-/analyze-wasm-1.0.0-beta.6.tgz",
      "integrity": "sha512-xi4qnr0li8jGks1SN9aTqe9JFjGzwVoxcAOQm5+zFE08S3Ly5hK5Nm4dyZG5FQQY4D74XWaG/YEl1i0F+RrSvA==",
      "license": "Apache-2.0",
      "engines": {
        "node": ">=18"
      }
    },
    "node_modules/@arcjet/bun": {
      "version": "1.0.0-beta.6",
      "resolved": "https://registry.npmjs.org/@arcjet/bun/-/bun-1.0.0-beta.6.tgz",
      "integrity": "sha512-w5NCoqesOdJctmG8jyhh+TX5Rw0dLcVOiZNxBdCjgb7upC3VQ3502HlQ5zXx/7ZQ0Oauy0PPdmKyEWR/1vF1Xw==",
      "license": "Apache-2.0",
      "dependencies": {
        "@arcjet/env": "1.0.0-beta.6",
        "@arcjet/headers": "1.0.0-beta.6",
        "@arcjet/ip": "1.0.0-beta.6",
        "@arcjet/logger": "1.0.0-beta.6",
        "@arcjet/protocol": "1.0.0-beta.6",
        "@arcjet/transport": "1.0.0-beta.6",
        "arcjet": "1.0.0-beta.6"
      }
    },
    "node_modules/@arcjet/duration": {
      "version": "1.0.0-beta.6",
      "resolved": "https://registry.npmjs.org/@arcjet/duration/-/duration-1.0.0-beta.6.tgz",
      "integrity": "sha512-r0AVHz7papWvbEPybYadzaGsSrA+UYYkNG0YzTbXGELCBpDDwKrN1mGtMNPdyxUKuzt6bYYW18OPwzNuY41osw==",
      "license": "Apache-2.0",
      "engines": {
        "node": ">=18"
      }
    },
    "node_modules/@arcjet/env": {
      "version": "1.0.0-beta.6",
      "resolved": "https://registry.npmjs.org/@arcjet/env/-/env-1.0.0-beta.6.tgz",
      "integrity": "sha512-WFehWJShBLt9JiniW4Jc+lLSe9c7M7ThvnCj3sOn5pudZ1Kvlxwic39QzYl+7GEp5QVFqNyfci0daMSTeYyIAw==",
      "license": "Apache-2.0",
      "engines": {
        "node": ">=18"
      }
    },
    "node_modules/@arcjet/headers": {
      "version": "1.0.0-beta.6",
      "resolved": "https://registry.npmjs.org/@arcjet/headers/-/headers-1.0.0-beta.6.tgz",
      "integrity": "sha512-u8x3SS4tw6FZOq8md/yA6iqFX9UQpSr+66iL2J8vaegLxocgTBzsij9JKcENs/W8B/qH1D4Y6Q8OnN5xjtrNwg==",
      "license": "Apache-2.0",
      "engines": {
        "node": ">=18"
      }
    },
    "node_modules/@arcjet/ip": {
      "version": "1.0.0-beta.6",
      "resolved": "https://registry.npmjs.org/@arcjet/ip/-/ip-1.0.0-beta.6.tgz",
      "integrity": "sha512-ugMOBkpZ6pKBL9uF/KOYBU9blVhi6AwpkQydeiVAmip9Cg0mA1H1cBh2DEItRpuMUKXg24rTwTrd2l68qxq7Yw==",
      "license": "Apache-2.0",
      "engines": {
        "node": ">=18"
      }
    },
    "node_modules/@arcjet/logger": {
      "version": "1.0.0-beta.6",
      "resolved": "https://registry.npmjs.org/@arcjet/logger/-/logger-1.0.0-beta.6.tgz",
      "integrity": "sha512-v/0WT5VRgyOkDbjn9GWEL3O1zh8LCuT+r4MEiZ/ECq5rEH3ssN54F5FfN48AotvJ3r7CFQFb2MUPmagYz5w6JQ==",
      "license": "Apache-2.0",
      "dependencies": {
        "@arcjet/sprintf": "1.0.0-beta.6"
      },
      "engines": {
        "node": ">=18"
      }
    },
    "node_modules/@arcjet/protocol": {
      "version": "1.0.0-beta.6",
      "resolved": "https://registry.npmjs.org/@arcjet/protocol/-/protocol-1.0.0-beta.6.tgz",
      "integrity": "sha512-pD2JldnObwguoArvk/F3OOJYbRsiPnzTWJ9Y/EhedszYS3vf02K3lb+KHwdTof60EmOh00iLrtE2NxRT+cSEyA==",
      "license": "Apache-2.0",
      "dependencies": {
        "@bufbuild/protobuf": "1.10.0",
        "@connectrpc/connect": "1.6.1",
        "typeid-js": "1.2.0"
      },
      "engines": {
        "node": ">=18"
      }
    },
    "node_modules/@arcjet/runtime": {
      "version": "1.0.0-beta.6",
      "resolved": "https://registry.npmjs.org/@arcjet/runtime/-/runtime-1.0.0-beta.6.tgz",
      "integrity": "sha512-Zst6CtlUXjWIdYfG9Ny9YjqxewyGVszKhtcCaMnDL8i/lbEIh/vY+kRLjf09cYH/v+bcwbwXN8ZzVfdu3nzfIg==",
      "license": "Apache-2.0",
      "engines": {
        "node": ">=18"
      }
    },
    "node_modules/@arcjet/sprintf": {
      "version": "1.0.0-beta.6",
      "resolved": "https://registry.npmjs.org/@arcjet/sprintf/-/sprintf-1.0.0-beta.6.tgz",
      "integrity": "sha512-3ejdH/oTKtAYSQCafi+0pF56otz0crCE/Sx3pA2OPMzG0pPnLAY3/IaN45L528dYp5XYGn0/oxSS6hKJnauYcA==",
      "license": "Apache-2.0",
      "engines": {
        "node": ">=18"
      }
    },
    "node_modules/@arcjet/transport": {
      "version": "1.0.0-beta.6",
      "resolved": "https://registry.npmjs.org/@arcjet/transport/-/transport-1.0.0-beta.6.tgz",
      "integrity": "sha512-9VCgk9nT9Gawmpw8zPfE4fG07soBcvZJvPc18yiE12PirxesDdZaenkUftMR0Ks8vczd7uyLSfdOtHYQA/l8hA==",
      "license": "Apache-2.0",
      "dependencies": {
        "@bufbuild/protobuf": "1.10.0",
        "@connectrpc/connect": "1.6.1",
        "@connectrpc/connect-node": "1.6.1",
        "@connectrpc/connect-web": "1.6.1"
      },
      "engines": {
        "node": ">=18"
      }
    },
    "node_modules/@bufbuild/protobuf": {
      "version": "1.10.0",
      "resolved": "https://registry.npmjs.org/@bufbuild/protobuf/-/protobuf-1.10.0.tgz",
      "integrity": "sha512-QDdVFLoN93Zjg36NoQPZfsVH9tZew7wKDKyV5qRdj8ntT4wQCOradQjRaTdwMhWUYsgKsvCINKKm87FdEk96Ag==",
      "license": "(Apache-2.0 AND BSD-3-Clause)"
    },
    "node_modules/@connectrpc/connect": {
      "version": "1.6.1",
      "resolved": "https://registry.npmjs.org/@connectrpc/connect/-/connect-1.6.1.tgz",
      "integrity": "sha512-KchMDNtU4CDTdkyf0qG7ugJ6qHTOR/aI7XebYn3OTCNagaDYWiZUVKgRgwH79yeMkpNgvEUaXSK7wKjaBK9b/Q==",
      "license": "Apache-2.0",
      "peerDependencies": {
        "@bufbuild/protobuf": "^1.10.0"
      }
    },
    "node_modules/@connectrpc/connect-node": {
      "version": "1.6.1",
      "resolved": "https://registry.npmjs.org/@connectrpc/connect-node/-/connect-node-1.6.1.tgz",
      "integrity": "sha512-DxcD1wsF/aX9GegjAtl7VbpiZNjVJozy87VbaFoN6AF0Ln1Q757r5dgV59Gz0wmlk5f17txUsrEr1f2inlnnAg==",
      "license": "Apache-2.0",
      "dependencies": {
        "undici": "^5.28.4"
      },
      "engines": {
        "node": ">=16.0.0"
      },
      "peerDependencies": {
        "@bufbuild/protobuf": "^1.10.0",
        "@connectrpc/connect": "1.6.1"
      }
    },
    "node_modules/@connectrpc/connect-web": {
      "version": "1.6.1",
      "resolved": "https://registry.npmjs.org/@connectrpc/connect-web/-/connect-web-1.6.1.tgz",
      "integrity": "sha512-GVfxQOmt3TtgTaKeXLS/EA2IHa3nHxwe2BCHT7X0Q/0hohM+nP5DDnIItGEjGrGdt3LTTqWqE4s70N4h+qIMlQ==",
      "license": "Apache-2.0",
      "peerDependencies": {
        "@bufbuild/protobuf": "^1.10.0",
        "@connectrpc/connect": "1.6.1"
      }
    },
    "node_modules/@esbuild/win32-x64": {
      "version": "0.23.1",
      "cpu": [
        "x64"
      ],
      "dev": true,
      "license": "MIT",
      "optional": true,
      "os": [
        "win32"
      ],
      "engines": {
        "node": ">=18"
      }
    },
    "node_modules/@fastify/busboy": {
      "version": "2.1.1",
      "resolved": "https://registry.npmjs.org/@fastify/busboy/-/busboy-2.1.1.tgz",
      "integrity": "sha512-vBZP4NlzfOlerQTnba4aqZoMhE/a9HY7HRqoOPaETQcSQuWEIyZMHGfVu6w9wGtGK5fED5qRs2DteVCjOH60sA==",
      "license": "MIT",
      "engines": {
        "node": ">=14"
      }
    },
    "node_modules/@prisma/client": {
      "version": "6.7.0",
      "resolved": "https://registry.npmjs.org/@prisma/client/-/client-6.7.0.tgz",
      "integrity": "sha512-+k61zZn1XHjbZul8q6TdQLpuI/cvyfil87zqK2zpreNIXyXtpUv3+H/oM69hcsFcZXaokHJIzPAt5Z8C8eK2QA==",
      "hasInstallScript": true,
      "license": "Apache-2.0",
      "engines": {
        "node": ">=18.18"
      },
      "peerDependencies": {
        "prisma": "*",
        "typescript": ">=5.1.0"
      },
      "peerDependenciesMeta": {
        "prisma": {
          "optional": true
        },
        "typescript": {
          "optional": true
        }
      }
    },
    "node_modules/@prisma/config": {
      "version": "6.7.0",
      "resolved": "https://registry.npmjs.org/@prisma/config/-/config-6.7.0.tgz",
      "integrity": "sha512-di8QDdvSz7DLUi3OOcCHSwxRNeW7jtGRUD2+Z3SdNE3A+pPiNT8WgUJoUyOwJmUr5t+JA2W15P78C/N+8RXrOA==",
      "devOptional": true,
      "license": "Apache-2.0",
      "dependencies": {
        "esbuild": ">=0.12 <1",
        "esbuild-register": "3.6.0"
      }
    },
    "node_modules/@prisma/debug": {
      "version": "6.7.0",
      "resolved": "https://registry.npmjs.org/@prisma/debug/-/debug-6.7.0.tgz",
      "integrity": "sha512-RabHn9emKoYFsv99RLxvfG2GHzWk2ZI1BuVzqYtmMSIcuGboHY5uFt3Q3boOREM9de6z5s3bQoyKeWnq8Fz22w==",
      "devOptional": true,
      "license": "Apache-2.0"
    },
    "node_modules/@prisma/engines": {
      "version": "6.7.0",
      "resolved": "https://registry.npmjs.org/@prisma/engines/-/engines-6.7.0.tgz",
      "integrity": "sha512-3wDMesnOxPrOsq++e5oKV9LmIiEazFTRFZrlULDQ8fxdub5w4NgRBoxtWbvXmj2nJVCnzuz6eFix3OhIqsZ1jw==",
      "devOptional": true,
      "hasInstallScript": true,
      "license": "Apache-2.0",
      "dependencies": {
        "@prisma/debug": "6.7.0",
        "@prisma/engines-version": "6.7.0-36.3cff47a7f5d65c3ea74883f1d736e41d68ce91ed",
        "@prisma/fetch-engine": "6.7.0",
        "@prisma/get-platform": "6.7.0"
      }
    },
    "node_modules/@prisma/engines-version": {
      "version": "6.7.0-36.3cff47a7f5d65c3ea74883f1d736e41d68ce91ed",
      "resolved": "https://registry.npmjs.org/@prisma/engines-version/-/engines-version-6.7.0-36.3cff47a7f5d65c3ea74883f1d736e41d68ce91ed.tgz",
      "integrity": "sha512-EvpOFEWf1KkJpDsBCrih0kg3HdHuaCnXmMn7XFPObpFTzagK1N0Q0FMnYPsEhvARfANP5Ok11QyoTIRA2hgJTA==",
      "devOptional": true,
      "license": "Apache-2.0"
    },
    "node_modules/@prisma/fetch-engine": {
      "version": "6.7.0",
      "resolved": "https://registry.npmjs.org/@prisma/fetch-engine/-/fetch-engine-6.7.0.tgz",
      "integrity": "sha512-zLlAGnrkmioPKJR4Yf7NfW3hftcvqeNNEHleMZK9yX7RZSkhmxacAYyfGsCcqRt47jiZ7RKdgE0Wh2fWnm7WsQ==",
      "devOptional": true,
      "license": "Apache-2.0",
      "dependencies": {
        "@prisma/debug": "6.7.0",
        "@prisma/engines-version": "6.7.0-36.3cff47a7f5d65c3ea74883f1d736e41d68ce91ed",
        "@prisma/get-platform": "6.7.0"
      }
    },
    "node_modules/@prisma/get-platform": {
      "version": "6.7.0",
      "resolved": "https://registry.npmjs.org/@prisma/get-platform/-/get-platform-6.7.0.tgz",
      "integrity": "sha512-i9IH5lO4fQwnMLvQLYNdgVh9TK3PuWBfQd7QLk/YurnAIg+VeADcZDbmhAi4XBBDD+hDif9hrKyASu0hbjwabw==",
      "devOptional": true,
      "license": "Apache-2.0",
      "dependencies": {
        "@prisma/debug": "6.7.0"
      }
    },
    "node_modules/@types/amqplib": {
      "version": "0.10.7",
      "resolved": "https://registry.npmjs.org/@types/amqplib/-/amqplib-0.10.7.tgz",
      "integrity": "sha512-IVj3avf9AQd2nXCx0PGk/OYq7VmHiyNxWFSb5HhU9ATh+i+gHWvVcljFTcTWQ/dyHJCTrzCixde+r/asL2ErDA==",
      "dev": true,
      "license": "MIT",
      "dependencies": {
        "@types/node": "*"
      }
    },
    "node_modules/@types/bun": {
      "version": "1.1.14",
      "resolved": "https://registry.npmjs.org/@types/bun/-/bun-1.1.14.tgz",
      "integrity": "sha512-opVYiFGtO2af0dnWBdZWlioLBoxSdDO5qokaazLhq8XQtGZbY4pY3/JxY8Zdf/hEwGubbp7ErZXoN1+h2yesxA==",
      "dev": true,
      "license": "MIT",
      "dependencies": {
        "bun-types": "1.1.37"
      }
    },
    "node_modules/@types/node": {
      "version": "22.10.2",
      "dev": true,
      "license": "MIT",
      "dependencies": {
        "undici-types": "~6.20.0"
      }
    },
    "node_modules/@types/nodemailer": {
      "version": "6.4.17",
      "resolved": "https://registry.npmjs.org/@types/nodemailer/-/nodemailer-6.4.17.tgz",
      "integrity": "sha512-I9CCaIp6DTldEg7vyUTZi8+9Vo0hi1/T8gv3C89yk1rSAAzoKQ8H8ki/jBYJSFoH/BisgLP8tkZMlQ91CIquww==",
      "dev": true,
      "license": "MIT",
      "dependencies": {
        "@types/node": "*"
      }
    },
    "node_modules/@types/ws": {
      "version": "8.5.13",
      "dev": true,
      "license": "MIT",
      "dependencies": {
        "@types/node": "*"
      }
    },
    "node_modules/@types/ws/node_modules/@types/node": {
      "version": "20.12.14",
      "dev": true,
      "license": "MIT",
      "dependencies": {
        "undici-types": "~5.26.4"
      }
    },
    "node_modules/@types/ws/node_modules/@types/node/node_modules/undici-types": {
      "version": "5.26.5",
      "dev": true,
      "license": "MIT"
    },
    "node_modules/amqplib": {
      "version": "0.10.7",
      "resolved": "https://registry.npmjs.org/amqplib/-/amqplib-0.10.7.tgz",
      "integrity": "sha512-7xPSYKSX2kj/bT6iHZ3MlctzxdCW1Ds9xyN0EmuRi2DZxHztwwoG1YkZrgmLyuPNjfxlRiMdWJPQscmoa3Vgdg==",
      "license": "MIT",
      "dependencies": {
        "buffer-more-ints": "~1.0.0",
        "url-parse": "~1.5.10"
      },
      "engines": {
        "node": ">=10"
      }
    },
    "node_modules/arcjet": {
      "version": "1.0.0-beta.6",
      "resolved": "https://registry.npmjs.org/arcjet/-/arcjet-1.0.0-beta.6.tgz",
      "integrity": "sha512-1v2jfqG4O2zXNfjlT3HHEefeoVigqX3Lzb1nak4ibw83y8aQihvVk9pDkp0WKYztq20A+5w3oZHsx+EYzbUB6A==",
      "license": "Apache-2.0",
      "dependencies": {
        "@arcjet/analyze": "1.0.0-beta.6",
        "@arcjet/duration": "1.0.0-beta.6",
        "@arcjet/headers": "1.0.0-beta.6",
        "@arcjet/protocol": "1.0.0-beta.6",
        "@arcjet/runtime": "1.0.0-beta.6"
      },
      "engines": {
        "node": ">=18"
      }
    },
    "node_modules/buffer-more-ints": {
      "version": "1.0.0",
      "resolved": "https://registry.npmjs.org/buffer-more-ints/-/buffer-more-ints-1.0.0.tgz",
      "integrity": "sha512-EMetuGFz5SLsT0QTnXzINh4Ksr+oo4i+UGTXEshiGCQWnsgSs7ZhJ8fzlwQ+OzEMs0MpDAMr1hxnblp5a4vcHg==",
      "license": "MIT"
    },
    "node_modules/bun-types": {
      "version": "1.1.37",
      "dev": true,
      "license": "MIT",
      "dependencies": {
        "@types/node": "~20.12.8",
        "@types/ws": "~8.5.10"
      }
    },
    "node_modules/bun-types/node_modules/@types/node": {
      "version": "20.12.14",
      "dev": true,
      "license": "MIT",
      "dependencies": {
        "undici-types": "~5.26.4"
      }
    },
    "node_modules/bun-types/node_modules/@types/node/node_modules/undici-types": {
      "version": "5.26.5",
      "dev": true,
      "license": "MIT"
    },
    "node_modules/debug": {
      "version": "4.4.0",
      "resolved": "https://registry.npmjs.org/debug/-/debug-4.4.0.tgz",
      "integrity": "sha512-6WTZ/IxCY/T6BALoZHaE4ctp9xm+Z5kY/pzYaCHRFeyVhojxlrm+46y68HA6hr0TcwEssoxNiDEUJQjfPZ/RYA==",
      "devOptional": true,
      "license": "MIT",
      "dependencies": {
        "ms": "^2.1.3"
      },
      "engines": {
        "node": ">=6.0"
      },
      "peerDependenciesMeta": {
        "supports-color": {
          "optional": true
        }
      }
    },
    "node_modules/esbuild": {
      "version": "0.23.1",
      "devOptional": true,
      "hasInstallScript": true,
      "license": "MIT",
      "bin": {
        "esbuild": "bin/esbuild"
      },
      "engines": {
        "node": ">=18"
      },
      "optionalDependencies": {
        "@esbuild/aix-ppc64": "0.23.1",
        "@esbuild/android-arm": "0.23.1",
        "@esbuild/android-arm64": "0.23.1",
        "@esbuild/android-x64": "0.23.1",
        "@esbuild/darwin-arm64": "0.23.1",
        "@esbuild/darwin-x64": "0.23.1",
        "@esbuild/freebsd-arm64": "0.23.1",
        "@esbuild/freebsd-x64": "0.23.1",
        "@esbuild/linux-arm": "0.23.1",
        "@esbuild/linux-arm64": "0.23.1",
        "@esbuild/linux-ia32": "0.23.1",
        "@esbuild/linux-loong64": "0.23.1",
        "@esbuild/linux-mips64el": "0.23.1",
        "@esbuild/linux-ppc64": "0.23.1",
        "@esbuild/linux-riscv64": "0.23.1",
        "@esbuild/linux-s390x": "0.23.1",
        "@esbuild/linux-x64": "0.23.1",
        "@esbuild/netbsd-x64": "0.23.1",
        "@esbuild/openbsd-arm64": "0.23.1",
        "@esbuild/openbsd-x64": "0.23.1",
        "@esbuild/sunos-x64": "0.23.1",
        "@esbuild/win32-arm64": "0.23.1",
        "@esbuild/win32-ia32": "0.23.1",
        "@esbuild/win32-x64": "0.23.1"
      }
    },
    "node_modules/esbuild-register": {
      "version": "3.6.0",
      "resolved": "https://registry.npmjs.org/esbuild-register/-/esbuild-register-3.6.0.tgz",
      "integrity": "sha512-H2/S7Pm8a9CL1uhp9OvjwrBh5Pvx0H8qVOxNu8Wed9Y7qv56MPtq+GGM8RJpq6glYJn9Wspr8uw7l55uyinNeg==",
      "devOptional": true,
      "license": "MIT",
      "dependencies": {
        "debug": "^4.3.4"
      },
      "peerDependencies": {
        "esbuild": ">=0.12 <1"
      }
    },
    "node_modules/fsevents": {
      "version": "2.3.3",
      "resolved": "https://registry.npmjs.org/fsevents/-/fsevents-2.3.3.tgz",
      "integrity": "sha512-5xoDfX+fL7faATnagmWPpbFtwh/R77WmMMqqHGS65C3vvB0YHrgF+B1YmZ3441tMj5n63k0212XNoJwzlhffQw==",
      "dev": true,
      "hasInstallScript": true,
      "license": "MIT",
      "optional": true,
      "os": [
        "darwin"
      ],
      "engines": {
        "node": "^8.16.0 || ^10.6.0 || >=11.0.0"
      }
    },
    "node_modules/get-tsconfig": {
      "version": "4.8.1",
      "dev": true,
      "license": "MIT",
      "dependencies": {
        "resolve-pkg-maps": "^1.0.0"
      },
      "funding": {
        "url": "https://github.com/privatenumber/get-tsconfig?sponsor=1"
      }
    },
    "node_modules/hono": {
      "version": "4.6.15",
      "license": "MIT",
      "engines": {
        "node": ">=16.9.0"
      }
    },
    "node_modules/ms": {
      "version": "2.1.3",
      "resolved": "https://registry.npmjs.org/ms/-/ms-2.1.3.tgz",
      "integrity": "sha512-6FlzubTLZG3J2a/NVCAleEhjzq5oxgHyaCU9yYXvcLsvoVaHJq/s5xXI6/XXP6tz7R9xAOtHnSO/tXtF3WRTlA==",
      "devOptional": true,
      "license": "MIT"
    },
    "node_modules/nodemailer": {
      "version": "6.10.1",
      "resolved": "https://registry.npmjs.org/nodemailer/-/nodemailer-6.10.1.tgz",
      "integrity": "sha512-Z+iLaBGVaSjbIzQ4pX6XV41HrooLsQ10ZWPUehGmuantvzWoDVBnmsdUcOIDM1t+yPor5pDhVlDESgOMEGxhHA==",
      "license": "MIT-0",
      "engines": {
        "node": ">=6.0.0"
      }
    },
    "node_modules/prisma": {
      "version": "6.7.0",
      "resolved": "https://registry.npmjs.org/prisma/-/prisma-6.7.0.tgz",
      "integrity": "sha512-vArg+4UqnQ13CVhc2WUosemwh6hr6cr6FY2uzDvCIFwH8pu8BXVv38PktoMLVjtX7sbYThxbnZF5YiR8sN2clw==",
      "devOptional": true,
      "hasInstallScript": true,
      "license": "Apache-2.0",
      "dependencies": {
        "@prisma/config": "6.7.0",
        "@prisma/engines": "6.7.0"
      },
      "bin": {
        "prisma": "build/index.js"
      },
      "engines": {
        "node": ">=18.18"
      },
      "optionalDependencies": {
        "fsevents": "2.3.3"
      },
      "peerDependencies": {
        "typescript": ">=5.1.0"
      },
      "peerDependenciesMeta": {
        "typescript": {
          "optional": true
        }
      }
    },
    "node_modules/querystringify": {
      "version": "2.2.0",
      "resolved": "https://registry.npmjs.org/querystringify/-/querystringify-2.2.0.tgz",
      "integrity": "sha512-FIqgj2EUvTa7R50u0rGsyTftzjYmv/a3hO345bZNrqabNqjtgiDMgmo4mkUjd+nzU5oF3dClKqFIPUKybUyqoQ==",
      "license": "MIT"
    },
    "node_modules/requires-port": {
      "version": "1.0.0",
      "resolved": "https://registry.npmjs.org/requires-port/-/requires-port-1.0.0.tgz",
      "integrity": "sha512-KigOCHcocU3XODJxsu8i/j8T9tzT4adHiecwORRQ0ZZFcp7ahwXuRU1m+yuO90C5ZUyGeGfocHDI14M3L3yDAQ==",
      "license": "MIT"
    },
    "node_modules/resolve-pkg-maps": {
      "version": "1.0.0",
      "dev": true,
      "license": "MIT",
      "funding": {
        "url": "https://github.com/privatenumber/resolve-pkg-maps?sponsor=1"
      }
    },
    "node_modules/tsx": {
      "version": "4.19.2",
      "dev": true,
      "license": "MIT",
      "dependencies": {
        "esbuild": "~0.23.0",
        "get-tsconfig": "^4.7.5"
      },
      "bin": {
        "tsx": "dist/cli.mjs"
      },
      "engines": {
        "node": ">=18.0.0"
      },
      "optionalDependencies": {
        "fsevents": "~2.3.3"
      }
    },
    "node_modules/typeid-js": {
      "version": "1.2.0",
      "resolved": "https://registry.npmjs.org/typeid-js/-/typeid-js-1.2.0.tgz",
      "integrity": "sha512-t76ZucAnvGC60ea/HjVsB0TSoB0cw9yjnfurUgtInXQWUI/VcrlZGpO23KN3iSe8yOGUgb1zr7W7uEzJ3hSljA==",
      "license": "Apache-2.0",
      "dependencies": {
        "uuid": "^10.0.0"
      }
    },
    "node_modules/typescript": {
      "version": "5.7.2",
      "devOptional": true,
      "license": "Apache-2.0",
      "bin": {
        "tsc": "bin/tsc",
        "tsserver": "bin/tsserver"
      },
      "engines": {
        "node": ">=14.17"
      }
    },
    "node_modules/undici": {
      "version": "5.29.0",
      "resolved": "https://registry.npmjs.org/undici/-/undici-5.29.0.tgz",
      "integrity": "sha512-raqeBD6NQK4SkWhQzeYKd1KmIG6dllBOTt55Rmkt4HtI9mwdWtJljnrXjAFUBLTSN67HWrOIZ3EPF4kjUw80Bg==",
      "license": "MIT",
      "dependencies": {
        "@fastify/busboy": "^2.0.0"
      },
      "engines": {
        "node": ">=14.0"
      }
    },
    "node_modules/undici-types": {
      "version": "6.20.0",
      "dev": true,
      "license": "MIT"
    },
    "node_modules/url-parse": {
      "version": "1.5.10",
      "resolved": "https://registry.npmjs.org/url-parse/-/url-parse-1.5.10.tgz",
      "integrity": "sha512-WypcfiRhfeUP9vvF0j6rw0J3hrWrw6iZv3+22h6iRMJ/8z1Tj6XfLP4DsUix5MhMPnXpiHDoKyoZ/bdCkwBCiQ==",
      "license": "MIT",
      "dependencies": {
        "querystringify": "^2.1.1",
        "requires-port": "^1.0.0"
      }
    },
    "node_modules/uuid": {
      "version": "10.0.0",
      "resolved": "https://registry.npmjs.org/uuid/-/uuid-10.0.0.tgz",
      "integrity": "sha512-8XkAphELsDnEGrDxUOHB3RGvXz6TeuYSGEZBOjtTtPm2lwhGBjLgOzLHB63IUWfBpNucQjND6d3AOudO+H3RWQ==",
      "funding": [
        "https://github.com/sponsors/broofa",
        "https://github.com/sponsors/ctavan"
      ],
      "license": "MIT",
      "bin": {
        "uuid": "dist/bin/uuid"
      }
    },
    "node_modules/zod": {
      "version": "3.24.1",
      "resolved": "https://registry.npmjs.org/zod/-/zod-3.24.1.tgz",
      "integrity": "sha512-muH7gBL9sI1nciMZV67X5fTKKBLtwpZ5VBp1vsOQzj1MhrBZ4wlVCm3gedKZWLp0Oyel8sIGfeiz54Su+OVT+A==",
      "license": "MIT",
      "funding": {
        "url": "https://github.com/sponsors/colinhacks"
      }
    }
  }
}
